{"projectHash":"dc57b10cc6c7355fe3b61ce03613490d9c8cdfbd","productModuleName":"SWIMNetTests","mockedTypeNames":["\/Users\/andreworals\/Documents\/Dev\/audience-instrument\/app\/SWIMNet\/SWIMNetTests\/WatchableDictionaryTests.swift",["DidUpdateCallbackProtocol"],"\/Users\/andreworals\/Documents\/Dev\/audience-instrument\/app\/SWIMNet\/SWIMNetTests\/DistanceVectorTests.swift",["SendDelegate"]],"cliVersion":"0.20.0","sourceFilePaths":[{"path":"\/Users\/andreworals\/Documents\/Dev\/audience-instrument\/app\/SWIMNet\/MockingbirdMocks\/SWIMNetTests-SWIMNetMocks.generated.swift","hash":"f7b32e3f8e6737248f945b105faecc8aad62f822"},{"path":"\/Users\/andreworals\/Documents\/Dev\/audience-instrument\/app\/SWIMNet\/SWIMNetTests\/DistanceVectorTests.swift","hash":"ea79f606b6cdca21d571e618b25bf7f24a976c16"},{"path":"\/Users\/andreworals\/Documents\/Dev\/audience-instrument\/app\/SWIMNet\/SWIMNetTests\/WatchableDictionaryTests.swift","hash":"057418736dc2e217c20b05fdc8101369b814cf8a"}],"sourceRoot":"\/Users\/andreworals\/Documents\/Dev\/audience-instrument\/app\/SWIMNet","dependencies":[],"name":"SWIMNetTests"}