// !$*UTF8*$!
{
	archiveVersion = 1;
	classes = {
	};
	objectVersion = 56;
	objects = {

/* Begin PBXBuildFile section */
		4AE59AEFB65EFE46B6F71AAA /* AudienceInstrumentTests-AudienceInstrumentMocks.generated.swift in Sources */ = {isa = PBXBuildFile; fileRef = AAE5F90BD28C3AC0860AE7FC /* AudienceInstrumentTests-AudienceInstrumentMocks.generated.swift */; };
		6B05ADD22BBDFDD100E99323 /* ConnectionManager.pb.swift in Sources */ = {isa = PBXBuildFile; fileRef = 6B05ADD12BBDFDD100E99323 /* ConnectionManager.pb.swift */; };
		6B05ADE02BBDFE8D00E99323 /* Data.swift in Sources */ = {isa = PBXBuildFile; fileRef = 6B05ADD52BBDFE8D00E99323 /* Data.swift */; };
		6B05ADE12BBDFE8D00E99323 /* MessengerView.swift in Sources */ = {isa = PBXBuildFile; fileRef = 6B05ADD62BBDFE8D00E99323 /* MessengerView.swift */; };
		6B05ADE32BBDFE8D00E99323 /* ChatView.swift in Sources */ = {isa = PBXBuildFile; fileRef = 6B05ADD82BBDFE8D00E99323 /* ChatView.swift */; };
		6B05ADE42BBDFE8D00E99323 /* Assets.xcassets in Resources */ = {isa = PBXBuildFile; fileRef = 6B05ADD92BBDFE8D00E99323 /* Assets.xcassets */; };
		6B05ADE52BBDFE8D00E99323 /* Preview Content in Resources */ = {isa = PBXBuildFile; fileRef = 6B05ADDA2BBDFE8D00E99323 /* Preview Content */; };
		6B05ADE62BBDFE8D00E99323 /* ConnectionManager.swift in Sources */ = {isa = PBXBuildFile; fileRef = 6B05ADDB2BBDFE8D00E99323 /* ConnectionManager.swift */; };
		6B05ADE72BBDFE8D00E99323 /* PeerConnectionView.swift in Sources */ = {isa = PBXBuildFile; fileRef = 6B05ADDC2BBDFE8D00E99323 /* PeerConnectionView.swift */; };
		6B05ADE82BBDFE8D00E99323 /* Utils.swift in Sources */ = {isa = PBXBuildFile; fileRef = 6B05ADDD2BBDFE8D00E99323 /* Utils.swift */; };
		6B05ADE92BBDFE8D00E99323 /* AudienceInstrumentApp.swift in Sources */ = {isa = PBXBuildFile; fileRef = 6B05ADDE2BBDFE8D00E99323 /* AudienceInstrumentApp.swift */; };
		6B05ADEA2BBDFE8D00E99323 /* MessageManager.swift in Sources */ = {isa = PBXBuildFile; fileRef = 6B05ADDF2BBDFE8D00E99323 /* MessageManager.swift */; };
		6B1601412BC9B2E40008E11B /* DistanceCalculator.swift in Sources */ = {isa = PBXBuildFile; fileRef = 6B1601402BC9B2E40008E11B /* DistanceCalculator.swift */; };
		6B383EC92BCB1FC8006E8F42 /* DistanceListenerAVFNode.swift in Sources */ = {isa = PBXBuildFile; fileRef = 6B383EC82BCB1FC8006E8F42 /* DistanceListenerAVFNode.swift */; };
		6B383ECB2BCB2556006E8F42 /* DistanceSpeakerAVFNode.swift in Sources */ = {isa = PBXBuildFile; fileRef = 6B383ECA2BCB2556006E8F42 /* DistanceSpeakerAVFNode.swift */; };
		6B383ECD2BCB951B006E8F42 /* RingBuffer.swift in Sources */ = {isa = PBXBuildFile; fileRef = 6B383ECC2BCB951B006E8F42 /* RingBuffer.swift */; };
		6B383ECF2BCB9CE5006E8F42 /* RingBufferTests.swift in Sources */ = {isa = PBXBuildFile; fileRef = 6B383ECE2BCB9CE5006E8F42 /* RingBufferTests.swift */; };
		6B5E02DF2BABFBA300F72BA8 /* SWIMNet.xcframework in Frameworks */ = {isa = PBXBuildFile; fileRef = 6B5E02DD2BABFB4B00F72BA8 /* SWIMNet.xcframework */; };
		6B5E02E02BABFBA300F72BA8 /* SWIMNet.xcframework in Embed Frameworks */ = {isa = PBXBuildFile; fileRef = 6B5E02DD2BABFB4B00F72BA8 /* SWIMNet.xcframework */; settings = {ATTRIBUTES = (CodeSignOnCopy, RemoveHeadersOnCopy, ); }; };
		6B6C71EA2BC225240094E152 /* DistanceManagerTests.swift in Sources */ = {isa = PBXBuildFile; fileRef = 6B6C71E92BC225240094E152 /* DistanceManagerTests.swift */; };
		6B6C71ED2BC252680094E152 /* Mockingbird in Frameworks */ = {isa = PBXBuildFile; productRef = 6B6C71EC2BC252680094E152 /* Mockingbird */; };
		6B8915AA2BBFA1270041825C /* DistanceManager.swift in Sources */ = {isa = PBXBuildFile; fileRef = 6B8915A92BBFA1270041825C /* DistanceManager.swift */; };
		6B8E6F8E2BBA80AE002B84AC /* SwiftProtobuf in Frameworks */ = {isa = PBXBuildFile; productRef = 6B8E6F8D2BBA80AE002B84AC /* SwiftProtobuf */; };
		6B950F4E2BDF02B3001195BC /* SpeakTimerCentral.swift in Sources */ = {isa = PBXBuildFile; fileRef = 6B950F4D2BDF02B3001195BC /* SpeakTimerCentral.swift */; };
		6B950F502BDF02CF001195BC /* SpokePeripheral.swift in Sources */ = {isa = PBXBuildFile; fileRef = 6B950F4F2BDF02CF001195BC /* SpokePeripheral.swift */; };
		6BA467462BD7829C006CD075 /* PeerDistanceCalculationView.swift in Sources */ = {isa = PBXBuildFile; fileRef = 6BA467452BD7829C006CD075 /* PeerDistanceCalculationView.swift */; };
		6BAEE58D2BCDF31E00370F6C /* DistanceListenerAVFNodeTests.swift in Sources */ = {isa = PBXBuildFile; fileRef = 6BAEE58C2BCDF31E00370F6C /* DistanceListenerAVFNodeTests.swift */; };
		6BAEE58F2BCDF33B00370F6C /* DistanceSpeakerAVFNodeTests.swift in Sources */ = {isa = PBXBuildFile; fileRef = 6BAEE58E2BCDF33B00370F6C /* DistanceSpeakerAVFNodeTests.swift */; };
		6BF625DE2BD4FEF50029B7B9 /* test_3_tones_staggered.wav in Resources */ = {isa = PBXBuildFile; fileRef = 6BF625DA2BD4FEF50029B7B9 /* test_3_tones_staggered.wav */; };
		6BF625DF2BD4FEF50029B7B9 /* test_3_tones_separate.wav in Resources */ = {isa = PBXBuildFile; fileRef = 6BF625DB2BD4FEF50029B7B9 /* test_3_tones_separate.wav */; };
		6BF625E02BD4FEF50029B7B9 /* test_3_tones_same_time.wav in Resources */ = {isa = PBXBuildFile; fileRef = 6BF625DC2BD4FEF50029B7B9 /* test_3_tones_same_time.wav */; };
		6BF625E12BD4FEF50029B7B9 /* test_1_tone.wav in Resources */ = {isa = PBXBuildFile; fileRef = 6BF625DD2BD4FEF50029B7B9 /* test_1_tone.wav */; };
/* End PBXBuildFile section */

/* Begin PBXContainerItemProxy section */
		6B05ADF32BBE01C900E99323 /* PBXContainerItemProxy */ = {
			isa = PBXContainerItemProxy;
			containerPortal = 6B75AF862BA4E058002A7893 /* Project object */;
			proxyType = 1;
			remoteGlobalIDString = 6B75AF8D2BA4E058002A7893;
			remoteInfo = AudienceInstrument;
		};
/* End PBXContainerItemProxy section */

/* Begin PBXCopyFilesBuildPhase section */
		6B89B7612BA6AD420092B742 /* Embed Frameworks */ = {
			isa = PBXCopyFilesBuildPhase;
			buildActionMask = 2147483647;
			dstPath = "";
			dstSubfolderSpec = 10;
			files = (
				6B5E02E02BABFBA300F72BA8 /* SWIMNet.xcframework in Embed Frameworks */,
			);
			name = "Embed Frameworks";
			runOnlyForDeploymentPostprocessing = 0;
		};
/* End PBXCopyFilesBuildPhase section */

/* Begin PBXFileReference section */
		6B05ADD12BBDFDD100E99323 /* ConnectionManager.pb.swift */ = {isa = PBXFileReference; fileEncoding = 4; lastKnownFileType = sourcecode.swift; name = ConnectionManager.pb.swift; path = ../../protofiles/SwiftSources/ConnectionManager.pb.swift; sourceTree = SOURCE_ROOT; };
		6B05ADD52BBDFE8D00E99323 /* Data.swift */ = {isa = PBXFileReference; fileEncoding = 4; lastKnownFileType = sourcecode.swift; path = Data.swift; sourceTree = "<group>"; };
		6B05ADD62BBDFE8D00E99323 /* MessengerView.swift */ = {isa = PBXFileReference; fileEncoding = 4; lastKnownFileType = sourcecode.swift; path = MessengerView.swift; sourceTree = "<group>"; };
		6B05ADD72BBDFE8D00E99323 /* Info.plist */ = {isa = PBXFileReference; fileEncoding = 4; lastKnownFileType = text.plist.xml; path = Info.plist; sourceTree = "<group>"; };
		6B05ADD82BBDFE8D00E99323 /* ChatView.swift */ = {isa = PBXFileReference; fileEncoding = 4; lastKnownFileType = sourcecode.swift; path = ChatView.swift; sourceTree = "<group>"; };
		6B05ADD92BBDFE8D00E99323 /* Assets.xcassets */ = {isa = PBXFileReference; lastKnownFileType = folder.assetcatalog; path = Assets.xcassets; sourceTree = "<group>"; };
		6B05ADDA2BBDFE8D00E99323 /* Preview Content */ = {isa = PBXFileReference; lastKnownFileType = folder; path = "Preview Content"; sourceTree = "<group>"; };
		6B05ADDB2BBDFE8D00E99323 /* ConnectionManager.swift */ = {isa = PBXFileReference; fileEncoding = 4; lastKnownFileType = sourcecode.swift; path = ConnectionManager.swift; sourceTree = "<group>"; };
		6B05ADDC2BBDFE8D00E99323 /* PeerConnectionView.swift */ = {isa = PBXFileReference; fileEncoding = 4; lastKnownFileType = sourcecode.swift; path = PeerConnectionView.swift; sourceTree = "<group>"; };
		6B05ADDD2BBDFE8D00E99323 /* Utils.swift */ = {isa = PBXFileReference; fileEncoding = 4; lastKnownFileType = sourcecode.swift; path = Utils.swift; sourceTree = "<group>"; };
		6B05ADDE2BBDFE8D00E99323 /* AudienceInstrumentApp.swift */ = {isa = PBXFileReference; fileEncoding = 4; lastKnownFileType = sourcecode.swift; path = AudienceInstrumentApp.swift; sourceTree = "<group>"; };
		6B05ADDF2BBDFE8D00E99323 /* MessageManager.swift */ = {isa = PBXFileReference; fileEncoding = 4; lastKnownFileType = sourcecode.swift; path = MessageManager.swift; sourceTree = "<group>"; };
		6B05ADEF2BBE01C900E99323 /* AudienceInstrumentTests.xctest */ = {isa = PBXFileReference; explicitFileType = wrapper.cfbundle; includeInIndex = 0; path = AudienceInstrumentTests.xctest; sourceTree = BUILT_PRODUCTS_DIR; };
		6B1601402BC9B2E40008E11B /* DistanceCalculator.swift */ = {isa = PBXFileReference; lastKnownFileType = sourcecode.swift; path = DistanceCalculator.swift; sourceTree = "<group>"; };
		6B383EC82BCB1FC8006E8F42 /* DistanceListenerAVFNode.swift */ = {isa = PBXFileReference; lastKnownFileType = sourcecode.swift; path = DistanceListenerAVFNode.swift; sourceTree = "<group>"; };
		6B383ECA2BCB2556006E8F42 /* DistanceSpeakerAVFNode.swift */ = {isa = PBXFileReference; lastKnownFileType = sourcecode.swift; path = DistanceSpeakerAVFNode.swift; sourceTree = "<group>"; };
		6B383ECC2BCB951B006E8F42 /* RingBuffer.swift */ = {isa = PBXFileReference; lastKnownFileType = sourcecode.swift; path = RingBuffer.swift; sourceTree = "<group>"; };
		6B383ECE2BCB9CE5006E8F42 /* RingBufferTests.swift */ = {isa = PBXFileReference; lastKnownFileType = sourcecode.swift; path = RingBufferTests.swift; sourceTree = "<group>"; };
		6B5E02DD2BABFB4B00F72BA8 /* SWIMNet.xcframework */ = {isa = PBXFileReference; lastKnownFileType = wrapper.xcframework; name = SWIMNet.xcframework; path = ../SWIMNet/xcframeworks/SWIMNet.xcframework; sourceTree = "<group>"; };
		6B6C71E92BC225240094E152 /* DistanceManagerTests.swift */ = {isa = PBXFileReference; lastKnownFileType = sourcecode.swift; path = DistanceManagerTests.swift; sourceTree = "<group>"; };
		6B75AF8E2BA4E058002A7893 /* AudienceInstrument.app */ = {isa = PBXFileReference; explicitFileType = wrapper.application; includeInIndex = 0; path = AudienceInstrument.app; sourceTree = BUILT_PRODUCTS_DIR; };
		6B8915A92BBFA1270041825C /* DistanceManager.swift */ = {isa = PBXFileReference; lastKnownFileType = sourcecode.swift; path = DistanceManager.swift; sourceTree = "<group>"; };
		6B9290622BC362D000159B9D /* AudienceInstrument.xctestplan */ = {isa = PBXFileReference; lastKnownFileType = text; path = AudienceInstrument.xctestplan; sourceTree = SOURCE_ROOT; };
		6B950F4D2BDF02B3001195BC /* SpeakTimerCentral.swift */ = {isa = PBXFileReference; lastKnownFileType = sourcecode.swift; path = SpeakTimerCentral.swift; sourceTree = "<group>"; };
		6B950F4F2BDF02CF001195BC /* SpokePeripheral.swift */ = {isa = PBXFileReference; lastKnownFileType = sourcecode.swift; path = SpokePeripheral.swift; sourceTree = "<group>"; };
		6BA467452BD7829C006CD075 /* PeerDistanceCalculationView.swift */ = {isa = PBXFileReference; lastKnownFileType = sourcecode.swift; path = PeerDistanceCalculationView.swift; sourceTree = "<group>"; };
		6BAEE58C2BCDF31E00370F6C /* DistanceListenerAVFNodeTests.swift */ = {isa = PBXFileReference; lastKnownFileType = sourcecode.swift; path = DistanceListenerAVFNodeTests.swift; sourceTree = "<group>"; };
		6BAEE58E2BCDF33B00370F6C /* DistanceSpeakerAVFNodeTests.swift */ = {isa = PBXFileReference; lastKnownFileType = sourcecode.swift; path = DistanceSpeakerAVFNodeTests.swift; sourceTree = "<group>"; };
		6BF625DA2BD4FEF50029B7B9 /* test_3_tones_staggered.wav */ = {isa = PBXFileReference; lastKnownFileType = audio.wav; path = test_3_tones_staggered.wav; sourceTree = "<group>"; };
		6BF625DB2BD4FEF50029B7B9 /* test_3_tones_separate.wav */ = {isa = PBXFileReference; lastKnownFileType = audio.wav; path = test_3_tones_separate.wav; sourceTree = "<group>"; };
		6BF625DC2BD4FEF50029B7B9 /* test_3_tones_same_time.wav */ = {isa = PBXFileReference; lastKnownFileType = audio.wav; path = test_3_tones_same_time.wav; sourceTree = "<group>"; };
		6BF625DD2BD4FEF50029B7B9 /* test_1_tone.wav */ = {isa = PBXFileReference; lastKnownFileType = audio.wav; path = test_1_tone.wav; sourceTree = "<group>"; };
		AAE5F90BD28C3AC0860AE7FC /* AudienceInstrumentTests-AudienceInstrumentMocks.generated.swift */ = {isa = PBXFileReference; explicitFileType = sourcecode.swift; name = "AudienceInstrumentTests-AudienceInstrumentMocks.generated.swift"; path = "MockingbirdMocks/AudienceInstrumentTests-AudienceInstrumentMocks.generated.swift"; sourceTree = "<group>"; };
/* End PBXFileReference section */

/* Begin PBXFrameworksBuildPhase section */
		6B05ADEC2BBE01C900E99323 /* Frameworks */ = {
			isa = PBXFrameworksBuildPhase;
			buildActionMask = 2147483647;
			files = (
				6B6C71ED2BC252680094E152 /* Mockingbird in Frameworks */,
			);
			runOnlyForDeploymentPostprocessing = 0;
		};
		6B75AF8B2BA4E058002A7893 /* Frameworks */ = {
			isa = PBXFrameworksBuildPhase;
			buildActionMask = 2147483647;
			files = (
				6B5E02DF2BABFBA300F72BA8 /* SWIMNet.xcframework in Frameworks */,
				6B8E6F8E2BBA80AE002B84AC /* SwiftProtobuf in Frameworks */,
			);
			runOnlyForDeploymentPostprocessing = 0;
		};
/* End PBXFrameworksBuildPhase section */

/* Begin PBXGroup section */
		6B05ADF02BBE01C900E99323 /* AudienceInstrumentTests */ = {
			isa = PBXGroup;
			children = (
				6BAEE5922BCE594300370F6C /* Resources */,
				6B6C71E92BC225240094E152 /* DistanceManagerTests.swift */,
				6B9290622BC362D000159B9D /* AudienceInstrument.xctestplan */,
				6B383ECE2BCB9CE5006E8F42 /* RingBufferTests.swift */,
				6BAEE58C2BCDF31E00370F6C /* DistanceListenerAVFNodeTests.swift */,
				6BAEE58E2BCDF33B00370F6C /* DistanceSpeakerAVFNodeTests.swift */,
			);
			path = AudienceInstrumentTests;
			sourceTree = "<group>";
		};
		6B75AF852BA4E058002A7893 = {
			isa = PBXGroup;
			children = (
				6B75AF902BA4E058002A7893 /* AudienceInstrument */,
				6B05ADF02BBE01C900E99323 /* AudienceInstrumentTests */,
				6B75AF8F2BA4E058002A7893 /* Products */,
				6B89B7482BA6AA230092B742 /* Frameworks */,
				F9680AB6E92A6D73EE1E94FA /* Generated Mocks */,
			);
			sourceTree = "<group>";
		};
		6B75AF8F2BA4E058002A7893 /* Products */ = {
			isa = PBXGroup;
			children = (
				6B75AF8E2BA4E058002A7893 /* AudienceInstrument.app */,
				6B05ADEF2BBE01C900E99323 /* AudienceInstrumentTests.xctest */,
			);
			name = Products;
			sourceTree = "<group>";
		};
		6B75AF902BA4E058002A7893 /* AudienceInstrument */ = {
			isa = PBXGroup;
			children = (
				6B05ADD92BBDFE8D00E99323 /* Assets.xcassets */,
				6B05ADD82BBDFE8D00E99323 /* ChatView.swift */,
				6B05ADDB2BBDFE8D00E99323 /* ConnectionManager.swift */,
				6B05ADD52BBDFE8D00E99323 /* Data.swift */,
				6B05ADD72BBDFE8D00E99323 /* Info.plist */,
				6B05ADDE2BBDFE8D00E99323 /* AudienceInstrumentApp.swift */,
				6B05ADDF2BBDFE8D00E99323 /* MessageManager.swift */,
				6B05ADD62BBDFE8D00E99323 /* MessengerView.swift */,
				6B05ADDC2BBDFE8D00E99323 /* PeerConnectionView.swift */,
				6BA467452BD7829C006CD075 /* PeerDistanceCalculationView.swift */,
				6B05ADDA2BBDFE8D00E99323 /* Preview Content */,
				6B05ADDD2BBDFE8D00E99323 /* Utils.swift */,
				6B8E6F892BBA7FF2002B84AC /* Protobuf */,
				6B383ECA2BCB2556006E8F42 /* DistanceSpeakerAVFNode.swift */,
				6B8915A92BBFA1270041825C /* DistanceManager.swift */,
				6B950F4D2BDF02B3001195BC /* SpeakTimerCentral.swift */,
				6B950F4F2BDF02CF001195BC /* SpokePeripheral.swift */,
				6B1601402BC9B2E40008E11B /* DistanceCalculator.swift */,
				6B383EC82BCB1FC8006E8F42 /* DistanceListenerAVFNode.swift */,
				6B383ECC2BCB951B006E8F42 /* RingBuffer.swift */,
			);
			path = AudienceInstrument;
			sourceTree = "<group>";
		};
		6B89B7482BA6AA230092B742 /* Frameworks */ = {
			isa = PBXGroup;
			children = (
				6B5E02DD2BABFB4B00F72BA8 /* SWIMNet.xcframework */,
			);
			name = Frameworks;
			sourceTree = "<group>";
		};
		6B8E6F892BBA7FF2002B84AC /* Protobuf */ = {
			isa = PBXGroup;
			children = (
				6B05ADD12BBDFDD100E99323 /* ConnectionManager.pb.swift */,
			);
			name = Protobuf;
			sourceTree = "<group>";
		};
		6BAEE5922BCE594300370F6C /* Resources */ = {
			isa = PBXGroup;
			children = (
				6BF625DD2BD4FEF50029B7B9 /* test_1_tone.wav */,
				6BF625DC2BD4FEF50029B7B9 /* test_3_tones_same_time.wav */,
				6BF625DB2BD4FEF50029B7B9 /* test_3_tones_separate.wav */,
				6BF625DA2BD4FEF50029B7B9 /* test_3_tones_staggered.wav */,
			);
			path = Resources;
			sourceTree = "<group>";
		};
		F9680AB6E92A6D73EE1E94FA /* Generated Mocks */ = {
			isa = PBXGroup;
			children = (
				AAE5F90BD28C3AC0860AE7FC /* AudienceInstrumentTests-AudienceInstrumentMocks.generated.swift */,
			);
			name = "Generated Mocks";
			sourceTree = "<group>";
		};
/* End PBXGroup section */

/* Begin PBXNativeTarget section */
		6B05ADEE2BBE01C900E99323 /* AudienceInstrumentTests */ = {
			isa = PBXNativeTarget;
			buildConfigurationList = 6B05ADF52BBE01C900E99323 /* Build configuration list for PBXNativeTarget "AudienceInstrumentTests" */;
			buildPhases = (
				6DB5881FE9211C7C20D4A724 /* Generate Mockingbird Mocks */,
				6B05ADEB2BBE01C900E99323 /* Sources */,
				6B05ADEC2BBE01C900E99323 /* Frameworks */,
				6B05ADED2BBE01C900E99323 /* Resources */,
			);
			buildRules = (
			);
			dependencies = (
				6B05ADF42BBE01C900E99323 /* PBXTargetDependency */,
			);
			name = AudienceInstrumentTests;
			packageProductDependencies = (
				6B6C71EC2BC252680094E152 /* Mockingbird */,
			);
			productName = AudienceInstrumentTests;
			productReference = 6B05ADEF2BBE01C900E99323 /* AudienceInstrumentTests.xctest */;
			productType = "com.apple.product-type.bundle.unit-test";
		};
		6B75AF8D2BA4E058002A7893 /* AudienceInstrument */ = {
			isa = PBXNativeTarget;
			buildConfigurationList = 6B75AF9C2BA4E05C002A7893 /* Build configuration list for PBXNativeTarget "AudienceInstrument" */;
			buildPhases = (
				6B75AF8A2BA4E058002A7893 /* Sources */,
				6B75AF8B2BA4E058002A7893 /* Frameworks */,
				6B75AF8C2BA4E058002A7893 /* Resources */,
				6B89B7612BA6AD420092B742 /* Embed Frameworks */,
			);
			buildRules = (
			);
			dependencies = (
			);
			name = AudienceInstrument;
			packageProductDependencies = (
				6B8E6F8D2BBA80AE002B84AC /* SwiftProtobuf */,
			);
			productName = MeshNetworkTest;
			productReference = 6B75AF8E2BA4E058002A7893 /* AudienceInstrument.app */;
			productType = "com.apple.product-type.application";
		};
/* End PBXNativeTarget section */

/* Begin PBXProject section */
		6B75AF862BA4E058002A7893 /* Project object */ = {
			isa = PBXProject;
			attributes = {
				BuildIndependentTargetsInParallel = 1;
				LastSwiftUpdateCheck = 1520;
				LastUpgradeCheck = 1520;
				TargetAttributes = {
					6B05ADEE2BBE01C900E99323 = {
						CreatedOnToolsVersion = 15.2;
						TestTargetID = 6B75AF8D2BA4E058002A7893;
					};
					6B75AF8D2BA4E058002A7893 = {
						CreatedOnToolsVersion = 15.2;
					};
				};
			};
			buildConfigurationList = 6B75AF892BA4E058002A7893 /* Build configuration list for PBXProject "AudienceInstrument" */;
			compatibilityVersion = "Xcode 14.0";
			developmentRegion = en;
			hasScannedForEncodings = 0;
			knownRegions = (
				en,
				Base,
			);
			mainGroup = 6B75AF852BA4E058002A7893;
			packageReferences = (
				6B8E6F8C2BBA80AE002B84AC /* XCRemoteSwiftPackageReference "swift-protobuf" */,
				6B6C71EB2BC252680094E152 /* XCRemoteSwiftPackageReference "mockingbird" */,
			);
			productRefGroup = 6B75AF8F2BA4E058002A7893 /* Products */;
			projectDirPath = "";
			projectRoot = "";
			targets = (
				6B75AF8D2BA4E058002A7893 /* AudienceInstrument */,
				6B05ADEE2BBE01C900E99323 /* AudienceInstrumentTests */,
			);
		};
/* End PBXProject section */

/* Begin PBXResourcesBuildPhase section */
		6B05ADED2BBE01C900E99323 /* Resources */ = {
			isa = PBXResourcesBuildPhase;
			buildActionMask = 2147483647;
			files = (
				6BF625E12BD4FEF50029B7B9 /* test_1_tone.wav in Resources */,
				6BF625DE2BD4FEF50029B7B9 /* test_3_tones_staggered.wav in Resources */,
				6BF625E02BD4FEF50029B7B9 /* test_3_tones_same_time.wav in Resources */,
				6BF625DF2BD4FEF50029B7B9 /* test_3_tones_separate.wav in Resources */,
			);
			runOnlyForDeploymentPostprocessing = 0;
		};
		6B75AF8C2BA4E058002A7893 /* Resources */ = {
			isa = PBXResourcesBuildPhase;
			buildActionMask = 2147483647;
			files = (
				6B05ADE52BBDFE8D00E99323 /* Preview Content in Resources */,
				6B05ADE42BBDFE8D00E99323 /* Assets.xcassets in Resources */,
			);
			runOnlyForDeploymentPostprocessing = 0;
		};
/* End PBXResourcesBuildPhase section */

/* Begin PBXShellScriptBuildPhase section */
		6DB5881FE9211C7C20D4A724 /* Generate Mockingbird Mocks */ = {
			isa = PBXShellScriptBuildPhase;
			alwaysOutOfDate = 1;
			buildActionMask = 2147483647;
			files = (
			);
			inputPaths = (
			);
			name = "Generate Mockingbird Mocks";
			outputPaths = (
				"$(SRCROOT)/MockingbirdMocks/AudienceInstrumentTests-AudienceInstrumentMocks.generated.swift",
			);
			runOnlyForDeploymentPostprocessing = 0;
			shellPath = /bin/sh;
			shellScript = "set -eu\n\n# Prevent Xcode 13 from running this script while indexing.\n[[ \"${ACTION}\" == \"indexbuild\" ]] && exit 0\n\n# Infer the derived data location from the build environment.\n[[ -z \"${DERIVED_DATA+x}\" ]] && DERIVED_DATA=\"$(echo \"${BUILD_ROOT}\" | sed -n 's|\\(.*\\)/Build/.*|\\1|p')\"\n\n\"${DERIVED_DATA}/SourcePackages/checkouts/mockingbird/mockingbird\" generate --targets \"AudienceInstrument\" --outputs \"${SRCROOT}/MockingbirdMocks/AudienceInstrumentTests-AudienceInstrumentMocks.generated.swift\"";
		};
/* End PBXShellScriptBuildPhase section */

/* Begin PBXSourcesBuildPhase section */
		6B05ADEB2BBE01C900E99323 /* Sources */ = {
			isa = PBXSourcesBuildPhase;
			buildActionMask = 2147483647;
			files = (
				6BAEE58D2BCDF31E00370F6C /* DistanceListenerAVFNodeTests.swift in Sources */,
				6BAEE58F2BCDF33B00370F6C /* DistanceSpeakerAVFNodeTests.swift in Sources */,
				6B6C71EA2BC225240094E152 /* DistanceManagerTests.swift in Sources */,
				4AE59AEFB65EFE46B6F71AAA /* AudienceInstrumentTests-AudienceInstrumentMocks.generated.swift in Sources */,
				6B383ECF2BCB9CE5006E8F42 /* RingBufferTests.swift in Sources */,
			);
			runOnlyForDeploymentPostprocessing = 0;
		};
		6B75AF8A2BA4E058002A7893 /* Sources */ = {
			isa = PBXSourcesBuildPhase;
			buildActionMask = 2147483647;
			files = (
				6B950F4E2BDF02B3001195BC /* SpeakTimerCentral.swift in Sources */,
				6B383EC92BCB1FC8006E8F42 /* DistanceListenerAVFNode.swift in Sources */,
				6B05ADEA2BBDFE8D00E99323 /* MessageManager.swift in Sources */,
				6B05ADE62BBDFE8D00E99323 /* ConnectionManager.swift in Sources */,
				6B05ADE32BBDFE8D00E99323 /* ChatView.swift in Sources */,
				6B05ADE12BBDFE8D00E99323 /* MessengerView.swift in Sources */,
				6B383ECD2BCB951B006E8F42 /* RingBuffer.swift in Sources */,
				6BA467462BD7829C006CD075 /* PeerDistanceCalculationView.swift in Sources */,
				6B8915AA2BBFA1270041825C /* DistanceManager.swift in Sources */,
				6B1601412BC9B2E40008E11B /* DistanceCalculator.swift in Sources */,
				6B05ADE92BBDFE8D00E99323 /* AudienceInstrumentApp.swift in Sources */,
				6B05ADE82BBDFE8D00E99323 /* Utils.swift in Sources */,
				6B05ADD22BBDFDD100E99323 /* ConnectionManager.pb.swift in Sources */,
				6B950F502BDF02CF001195BC /* SpokePeripheral.swift in Sources */,
				6B05ADE72BBDFE8D00E99323 /* PeerConnectionView.swift in Sources */,
				6B05ADE02BBDFE8D00E99323 /* Data.swift in Sources */,
				6B383ECB2BCB2556006E8F42 /* DistanceSpeakerAVFNode.swift in Sources */,
			);
			runOnlyForDeploymentPostprocessing = 0;
		};
/* End PBXSourcesBuildPhase section */

/* Begin PBXTargetDependency section */
		6B05ADF42BBE01C900E99323 /* PBXTargetDependency */ = {
			isa = PBXTargetDependency;
			target = 6B75AF8D2BA4E058002A7893 /* AudienceInstrument */;
			targetProxy = 6B05ADF32BBE01C900E99323 /* PBXContainerItemProxy */;
		};
/* End PBXTargetDependency section */

/* Begin XCBuildConfiguration section */
		6B05ADF62BBE01C900E99323 /* Debug */ = {
			isa = XCBuildConfiguration;
			buildSettings = {
				BUNDLE_LOADER = "$(TEST_HOST)";
				CODE_SIGN_STYLE = Automatic;
				CURRENT_PROJECT_VERSION = 1;
				DEVELOPMENT_TEAM = 7SK66VDUAM;
				ENABLE_USER_SCRIPT_SANDBOXING = NO;
				GENERATE_INFOPLIST_FILE = YES;
				IPHONEOS_DEPLOYMENT_TARGET = 17.2;
				MARKETING_VERSION = 1.0;
				PRODUCT_BUNDLE_IDENTIFIER = com.andreworals.AudienceInstrumentTests;
				PRODUCT_NAME = "$(TARGET_NAME)";
				SWIFT_EMIT_LOC_STRINGS = NO;
				SWIFT_VERSION = 5.0;
				TARGETED_DEVICE_FAMILY = "1,2";
				TEST_HOST = "$(BUILT_PRODUCTS_DIR)/AudienceInstrument.app/$(BUNDLE_EXECUTABLE_FOLDER_PATH)/AudienceInstrument";
			};
			name = Debug;
		};
		6B05ADF72BBE01C900E99323 /* Release */ = {
			isa = XCBuildConfiguration;
			buildSettings = {
				BUNDLE_LOADER = "$(TEST_HOST)";
				CODE_SIGN_STYLE = Automatic;
				CURRENT_PROJECT_VERSION = 1;
				DEVELOPMENT_TEAM = 7SK66VDUAM;
				ENABLE_USER_SCRIPT_SANDBOXING = NO;
				GENERATE_INFOPLIST_FILE = YES;
				IPHONEOS_DEPLOYMENT_TARGET = 17.2;
				MARKETING_VERSION = 1.0;
				PRODUCT_BUNDLE_IDENTIFIER = com.andreworals.AudienceInstrumentTests;
				PRODUCT_NAME = "$(TARGET_NAME)";
				SWIFT_EMIT_LOC_STRINGS = NO;
				SWIFT_VERSION = 5.0;
				TARGETED_DEVICE_FAMILY = "1,2";
				TEST_HOST = "$(BUILT_PRODUCTS_DIR)/AudienceInstrument.app/$(BUNDLE_EXECUTABLE_FOLDER_PATH)/AudienceInstrument";
			};
			name = Release;
		};
		6B75AF9A2BA4E05C002A7893 /* Debug */ = {
			isa = XCBuildConfiguration;
			buildSettings = {
				ALWAYS_SEARCH_USER_PATHS = NO;
				ASSETCATALOG_COMPILER_GENERATE_SWIFT_ASSET_SYMBOL_EXTENSIONS = YES;
				CLANG_ANALYZER_NONNULL = YES;
				CLANG_ANALYZER_NUMBER_OBJECT_CONVERSION = YES_AGGRESSIVE;
				CLANG_CXX_LANGUAGE_STANDARD = "gnu++20";
				CLANG_ENABLE_MODULES = YES;
				CLANG_ENABLE_OBJC_ARC = YES;
				CLANG_ENABLE_OBJC_WEAK = YES;
				CLANG_WARN_BLOCK_CAPTURE_AUTORELEASING = YES;
				CLANG_WARN_BOOL_CONVERSION = YES;
				CLANG_WARN_COMMA = YES;
				CLANG_WARN_CONSTANT_CONVERSION = YES;
				CLANG_WARN_DEPRECATED_OBJC_IMPLEMENTATIONS = YES;
				CLANG_WARN_DIRECT_OBJC_ISA_USAGE = YES_ERROR;
				CLANG_WARN_DOCUMENTATION_COMMENTS = YES;
				CLANG_WARN_EMPTY_BODY = YES;
				CLANG_WARN_ENUM_CONVERSION = YES;
				CLANG_WARN_INFINITE_RECURSION = YES;
				CLANG_WARN_INT_CONVERSION = YES;
				CLANG_WARN_NON_LITERAL_NULL_CONVERSION = YES;
				CLANG_WARN_OBJC_IMPLICIT_RETAIN_SELF = YES;
				CLANG_WARN_OBJC_LITERAL_CONVERSION = YES;
				CLANG_WARN_OBJC_ROOT_CLASS = YES_ERROR;
				CLANG_WARN_QUOTED_INCLUDE_IN_FRAMEWORK_HEADER = YES;
				CLANG_WARN_RANGE_LOOP_ANALYSIS = YES;
				CLANG_WARN_STRICT_PROTOTYPES = YES;
				CLANG_WARN_SUSPICIOUS_MOVE = YES;
				CLANG_WARN_UNGUARDED_AVAILABILITY = YES_AGGRESSIVE;
				CLANG_WARN_UNREACHABLE_CODE = YES;
				CLANG_WARN__DUPLICATE_METHOD_MATCH = YES;
				COPY_PHASE_STRIP = NO;
				DEBUG_INFORMATION_FORMAT = dwarf;
				ENABLE_STRICT_OBJC_MSGSEND = YES;
				ENABLE_TESTABILITY = YES;
				ENABLE_USER_SCRIPT_SANDBOXING = YES;
				GCC_C_LANGUAGE_STANDARD = gnu17;
				GCC_DYNAMIC_NO_PIC = NO;
				GCC_NO_COMMON_BLOCKS = YES;
				GCC_OPTIMIZATION_LEVEL = 0;
				GCC_PREPROCESSOR_DEFINITIONS = (
					"DEBUG=1",
					"$(inherited)",
				);
				GCC_WARN_64_TO_32_BIT_CONVERSION = YES;
				GCC_WARN_ABOUT_RETURN_TYPE = YES_ERROR;
				GCC_WARN_UNDECLARED_SELECTOR = YES;
				GCC_WARN_UNINITIALIZED_AUTOS = YES_AGGRESSIVE;
				GCC_WARN_UNUSED_FUNCTION = YES;
				GCC_WARN_UNUSED_VARIABLE = YES;
				IPHONEOS_DEPLOYMENT_TARGET = 16.0;
				LOCALIZATION_PREFERS_STRING_CATALOGS = YES;
				MTL_ENABLE_DEBUG_INFO = INCLUDE_SOURCE;
				MTL_FAST_MATH = YES;
				ONLY_ACTIVE_ARCH = YES;
				SDKROOT = iphoneos;
				SWIFT_ACTIVE_COMPILATION_CONDITIONS = "DEBUG $(inherited)";
				SWIFT_OPTIMIZATION_LEVEL = "-Onone";
			};
			name = Debug;
		};
		6B75AF9B2BA4E05C002A7893 /* Release */ = {
			isa = XCBuildConfiguration;
			buildSettings = {
				ALWAYS_SEARCH_USER_PATHS = NO;
				ASSETCATALOG_COMPILER_GENERATE_SWIFT_ASSET_SYMBOL_EXTENSIONS = YES;
				CLANG_ANALYZER_NONNULL = YES;
				CLANG_ANALYZER_NUMBER_OBJECT_CONVERSION = YES_AGGRESSIVE;
				CLANG_CXX_LANGUAGE_STANDARD = "gnu++20";
				CLANG_ENABLE_MODULES = YES;
				CLANG_ENABLE_OBJC_ARC = YES;
				CLANG_ENABLE_OBJC_WEAK = YES;
				CLANG_WARN_BLOCK_CAPTURE_AUTORELEASING = YES;
				CLANG_WARN_BOOL_CONVERSION = YES;
				CLANG_WARN_COMMA = YES;
				CLANG_WARN_CONSTANT_CONVERSION = YES;
				CLANG_WARN_DEPRECATED_OBJC_IMPLEMENTATIONS = YES;
				CLANG_WARN_DIRECT_OBJC_ISA_USAGE = YES_ERROR;
				CLANG_WARN_DOCUMENTATION_COMMENTS = YES;
				CLANG_WARN_EMPTY_BODY = YES;
				CLANG_WARN_ENUM_CONVERSION = YES;
				CLANG_WARN_INFINITE_RECURSION = YES;
				CLANG_WARN_INT_CONVERSION = YES;
				CLANG_WARN_NON_LITERAL_NULL_CONVERSION = YES;
				CLANG_WARN_OBJC_IMPLICIT_RETAIN_SELF = YES;
				CLANG_WARN_OBJC_LITERAL_CONVERSION = YES;
				CLANG_WARN_OBJC_ROOT_CLASS = YES_ERROR;
				CLANG_WARN_QUOTED_INCLUDE_IN_FRAMEWORK_HEADER = YES;
				CLANG_WARN_RANGE_LOOP_ANALYSIS = YES;
				CLANG_WARN_STRICT_PROTOTYPES = YES;
				CLANG_WARN_SUSPICIOUS_MOVE = YES;
				CLANG_WARN_UNGUARDED_AVAILABILITY = YES_AGGRESSIVE;
				CLANG_WARN_UNREACHABLE_CODE = YES;
				CLANG_WARN__DUPLICATE_METHOD_MATCH = YES;
				COPY_PHASE_STRIP = NO;
				DEBUG_INFORMATION_FORMAT = "dwarf-with-dsym";
				ENABLE_NS_ASSERTIONS = NO;
				ENABLE_STRICT_OBJC_MSGSEND = YES;
				ENABLE_USER_SCRIPT_SANDBOXING = YES;
				GCC_C_LANGUAGE_STANDARD = gnu17;
				GCC_NO_COMMON_BLOCKS = YES;
				GCC_WARN_64_TO_32_BIT_CONVERSION = YES;
				GCC_WARN_ABOUT_RETURN_TYPE = YES_ERROR;
				GCC_WARN_UNDECLARED_SELECTOR = YES;
				GCC_WARN_UNINITIALIZED_AUTOS = YES_AGGRESSIVE;
				GCC_WARN_UNUSED_FUNCTION = YES;
				GCC_WARN_UNUSED_VARIABLE = YES;
				IPHONEOS_DEPLOYMENT_TARGET = 16.0;
				LOCALIZATION_PREFERS_STRING_CATALOGS = YES;
				MTL_ENABLE_DEBUG_INFO = NO;
				MTL_FAST_MATH = YES;
				SDKROOT = iphoneos;
				SWIFT_COMPILATION_MODE = wholemodule;
				VALIDATE_PRODUCT = YES;
			};
			name = Release;
		};
		6B75AF9D2BA4E05C002A7893 /* Debug */ = {
			isa = XCBuildConfiguration;
			buildSettings = {
				ASSETCATALOG_COMPILER_APPICON_NAME = AppIcon;
				ASSETCATALOG_COMPILER_GLOBAL_ACCENT_COLOR_NAME = AccentColor;
				CODE_SIGN_IDENTITY = "Apple Development";
				CODE_SIGN_STYLE = Automatic;
				CURRENT_PROJECT_VERSION = 1;
				DEVELOPMENT_ASSET_PATHS = "AudienceInstrument/Preview\\ Content";
				DEVELOPMENT_TEAM = 7SK66VDUAM;
				ENABLE_PREVIEWS = YES;
				FRAMEWORK_SEARCH_PATHS = (
					"$(inherited)",
					"$(PROJECT_DIR)",
				);
				GENERATE_INFOPLIST_FILE = YES;
				INFOPLIST_FILE = AudienceInstrument/Info.plist;
				INFOPLIST_KEY_UIApplicationSceneManifest_Generation = YES;
				INFOPLIST_KEY_UIApplicationSupportsIndirectInputEvents = YES;
				INFOPLIST_KEY_UILaunchScreen_Generation = YES;
				INFOPLIST_KEY_UISupportedInterfaceOrientations_iPad = "UIInterfaceOrientationPortrait UIInterfaceOrientationPortraitUpsideDown UIInterfaceOrientationLandscapeLeft UIInterfaceOrientationLandscapeRight";
				INFOPLIST_KEY_UISupportedInterfaceOrientations_iPhone = "UIInterfaceOrientationPortrait UIInterfaceOrientationLandscapeLeft UIInterfaceOrientationLandscapeRight";
				LD_RUNPATH_SEARCH_PATHS = (
					"$(inherited)",
					"@executable_path/Frameworks",
				);
				MARKETING_VERSION = 1.0;
				PRODUCT_BUNDLE_IDENTIFIER = com.andreworals.AudienceInstrument;
				PRODUCT_NAME = "$(TARGET_NAME)";
				PROVISIONING_PROFILE_SPECIFIER = "";
				SWIFT_EMIT_LOC_STRINGS = YES;
				SWIFT_VERSION = 5.0;
				TARGETED_DEVICE_FAMILY = "1,2";
			};
			name = Debug;
		};
		6B75AF9E2BA4E05C002A7893 /* Release */ = {
			isa = XCBuildConfiguration;
			buildSettings = {
				ASSETCATALOG_COMPILER_APPICON_NAME = AppIcon;
				ASSETCATALOG_COMPILER_GLOBAL_ACCENT_COLOR_NAME = AccentColor;
				CODE_SIGN_IDENTITY = "Apple Development";
				CODE_SIGN_STYLE = Automatic;
				CURRENT_PROJECT_VERSION = 1;
				DEVELOPMENT_ASSET_PATHS = "AudienceInstrument/Preview\\ Content";
				DEVELOPMENT_TEAM = 7SK66VDUAM;
				ENABLE_PREVIEWS = YES;
				FRAMEWORK_SEARCH_PATHS = (
					"$(inherited)",
					"$(PROJECT_DIR)",
				);
				GENERATE_INFOPLIST_FILE = YES;
				INFOPLIST_FILE = AudienceInstrument/Info.plist;
				INFOPLIST_KEY_UIApplicationSceneManifest_Generation = YES;
				INFOPLIST_KEY_UIApplicationSupportsIndirectInputEvents = YES;
				INFOPLIST_KEY_UILaunchScreen_Generation = YES;
				INFOPLIST_KEY_UISupportedInterfaceOrientations_iPad = "UIInterfaceOrientationPortrait UIInterfaceOrientationPortraitUpsideDown UIInterfaceOrientationLandscapeLeft UIInterfaceOrientationLandscapeRight";
				INFOPLIST_KEY_UISupportedInterfaceOrientations_iPhone = "UIInterfaceOrientationPortrait UIInterfaceOrientationLandscapeLeft UIInterfaceOrientationLandscapeRight";
				LD_RUNPATH_SEARCH_PATHS = (
					"$(inherited)",
					"@executable_path/Frameworks",
				);
				MARKETING_VERSION = 1.0;
				PRODUCT_BUNDLE_IDENTIFIER = com.andreworals.AudienceInstrument;
				PRODUCT_NAME = "$(TARGET_NAME)";
				PROVISIONING_PROFILE_SPECIFIER = "";
				SWIFT_EMIT_LOC_STRINGS = YES;
				SWIFT_VERSION = 5.0;
				TARGETED_DEVICE_FAMILY = "1,2";
			};
			name = Release;
		};
/* End XCBuildConfiguration section */

/* Begin XCConfigurationList section */
		6B05ADF52BBE01C900E99323 /* Build configuration list for PBXNativeTarget "AudienceInstrumentTests" */ = {
			isa = XCConfigurationList;
			buildConfigurations = (
				6B05ADF62BBE01C900E99323 /* Debug */,
				6B05ADF72BBE01C900E99323 /* Release */,
			);
			defaultConfigurationIsVisible = 0;
			defaultConfigurationName = Release;
		};
		6B75AF892BA4E058002A7893 /* Build configuration list for PBXProject "AudienceInstrument" */ = {
			isa = XCConfigurationList;
			buildConfigurations = (
				6B75AF9A2BA4E05C002A7893 /* Debug */,
				6B75AF9B2BA4E05C002A7893 /* Release */,
			);
			defaultConfigurationIsVisible = 0;
			defaultConfigurationName = Release;
		};
		6B75AF9C2BA4E05C002A7893 /* Build configuration list for PBXNativeTarget "AudienceInstrument" */ = {
			isa = XCConfigurationList;
			buildConfigurations = (
				6B75AF9D2BA4E05C002A7893 /* Debug */,
				6B75AF9E2BA4E05C002A7893 /* Release */,
			);
			defaultConfigurationIsVisible = 0;
			defaultConfigurationName = Release;
		};
/* End XCConfigurationList section */

/* Begin XCRemoteSwiftPackageReference section */
		6B6C71EB2BC252680094E152 /* XCRemoteSwiftPackageReference "mockingbird" */ = {
			isa = XCRemoteSwiftPackageReference;
			repositoryURL = "https://github.com/birdrides/mockingbird";
			requirement = {
				kind = upToNextMinorVersion;
				minimumVersion = 0.20.0;
			};
		};
		6B8E6F8C2BBA80AE002B84AC /* XCRemoteSwiftPackageReference "swift-protobuf" */ = {
			isa = XCRemoteSwiftPackageReference;
			repositoryURL = "https://github.com/apple/swift-protobuf.git";
			requirement = {
				kind = upToNextMajorVersion;
				minimumVersion = 1.26.0;
			};
		};
/* End XCRemoteSwiftPackageReference section */

/* Begin XCSwiftPackageProductDependency section */
		6B6C71EC2BC252680094E152 /* Mockingbird */ = {
			isa = XCSwiftPackageProductDependency;
			package = 6B6C71EB2BC252680094E152 /* XCRemoteSwiftPackageReference "mockingbird" */;
			productName = Mockingbird;
		};
		6B8E6F8D2BBA80AE002B84AC /* SwiftProtobuf */ = {
			isa = XCSwiftPackageProductDependency;
			package = 6B8E6F8C2BBA80AE002B84AC /* XCRemoteSwiftPackageReference "swift-protobuf" */;
			productName = SwiftProtobuf;
		};
/* End XCSwiftPackageProductDependency section */
	};
	rootObject = 6B75AF862BA4E058002A7893 /* Project object */;
}
